
Microsoft Visual Studio Solution File, Format Version 12.00
# Visual Studio Version 17
VisualStudioVersion = 17.0.31903.59
MinimumVisualStudioVersion = 10.0.40219.1
Project("{FAE04EC0-301F-11D3-BF4B-00C04F79EFBC}") = "OutlinerServer", "OutlinerServer\OutlinerServer.csproj", "{1707F273-3CD1-4DB5-A08B-9F9A852D8ADC}"
EndProject
Global
	GlobalSection(SolutionConfigurationPlatforms) = preSolution
		Debug|Any CPU = Debug|Any CPU
		Release|Any CPU = Release|Any CPU
	EndGlobalSection
	GlobalSection(ProjectConfigurationPlatforms) = postSolution
		{1707F273-3CD1-4DB5-A08B-9F9A852D8ADC}.Debug|Any CPU.ActiveCfg = Debug|Any CPU
		{1707F273-3CD1-4DB5-A08B-9F9A852D8ADC}.Debug|Any CPU.Build.0 = Debug|Any CPU
		{1707F273-3CD1-4DB5-A08B-9F9A852D8ADC}.Release|Any CPU.ActiveCfg = Release|Any CPU
		{1707F273-3CD1-4DB5-A08B-9F9A852D8ADC}.Release|Any CPU.Build.0 = Release|Any CPU
	EndGlobalSection
	GlobalSection(SolutionProperties) = preSolution
		HideSolutionNode = FALSE
	EndGlobalSection
	GlobalSection(ExtensibilityGlobals) = postSolution
		SolutionGuid = {49CC1F44-CE0F-41FC-8A73-86F012BEB8C3}
	EndGlobalSection
EndGlobal
